
Microsoft Visual Studio Solution File, Format Version 12.00
# Visual Studio 15
VisualStudioVersion = 15.0.28010.2036
MinimumVisualStudioVersion = 10.0.40219.1
Project("{FAE04EC0-301F-11D3-BF4B-00C04F79EFBC}") = "Exame-70483", "Exame-70483\Exame-70483.csproj", "{91480F14-236C-4061-BAA7-6DC850A15B7A}"
EndProject
Global
	GlobalSection(SolutionConfigurationPlatforms) = preSolution
		Debug|Any CPU = Debug|Any CPU
		Release|Any CPU = Release|Any CPU
	EndGlobalSection
	GlobalSection(ProjectConfigurationPlatforms) = postSolution
		{91480F14-236C-4061-BAA7-6DC850A15B7A}.Debug|Any CPU.ActiveCfg = Debug|Any CPU
		{91480F14-236C-4061-BAA7-6DC850A15B7A}.Debug|Any CPU.Build.0 = Debug|Any CPU
		{91480F14-236C-4061-BAA7-6DC850A15B7A}.Release|Any CPU.ActiveCfg = Release|Any CPU
		{91480F14-236C-4061-BAA7-6DC850A15B7A}.Release|Any CPU.Build.0 = Release|Any CPU
	EndGlobalSection
	GlobalSection(SolutionProperties) = preSolution
		HideSolutionNode = FALSE
	EndGlobalSection
	GlobalSection(ExtensibilityGlobals) = postSolution
		SolutionGuid = {14EF23A2-5809-4CD1-B7AB-A9790F6A411A}
	EndGlobalSection
EndGlobal
